// !$*UTF8*$!
{
	archiveVersion = 1;
	classes = {
	};
	objectVersion = 50;
	objects = {

/* Begin PBXBuildFile section */
		90900E12EDF3B475F89D919D /* Pods_ReactorCollectionViewDemo.framework in Frameworks */ = {isa = PBXBuildFile; fileRef = 52DC9A58AEC5C9CC556544FE /* Pods_ReactorCollectionViewDemo.framework */; };
		C85499A520AD848C004A0831 /* AppDelegate.swift in Sources */ = {isa = PBXBuildFile; fileRef = C85499A420AD848C004A0831 /* AppDelegate.swift */; };
		C85499AC20AD848D004A0831 /* Assets.xcassets in Resources */ = {isa = PBXBuildFile; fileRef = C85499AB20AD848D004A0831 /* Assets.xcassets */; };
		C85499AF20AD848D004A0831 /* LaunchScreen.storyboard in Resources */ = {isa = PBXBuildFile; fileRef = C85499AD20AD848D004A0831 /* LaunchScreen.storyboard */; };
		C85499BE20AD8801004A0831 /* RxBasicCollectionViewReactor.swift in Sources */ = {isa = PBXBuildFile; fileRef = C85499B720AD8801004A0831 /* RxBasicCollectionViewReactor.swift */; };
		C85499BF20AD8801004A0831 /* RxBasicCollectionService.swift in Sources */ = {isa = PBXBuildFile; fileRef = C85499B820AD8801004A0831 /* RxBasicCollectionService.swift */; };
		C85499C020AD8801004A0831 /* RxCellSizeLayoutable.swift in Sources */ = {isa = PBXBuildFile; fileRef = C85499B920AD8801004A0831 /* RxCellSizeLayoutable.swift */; };
		C85499C120AD8801004A0831 /* RxBasicCollectionView+Rx.swift in Sources */ = {isa = PBXBuildFile; fileRef = C85499BA20AD8801004A0831 /* RxBasicCollectionView+Rx.swift */; };
		C85499C220AD8801004A0831 /* RxCollectionViewSectionedAnimatedReloadDataSource.swift in Sources */ = {isa = PBXBuildFile; fileRef = C85499BB20AD8801004A0831 /* RxCollectionViewSectionedAnimatedReloadDataSource.swift */; };
		C85499C320AD8801004A0831 /* RxBasicCollectionView.swift in Sources */ = {isa = PBXBuildFile; fileRef = C85499BC20AD8801004A0831 /* RxBasicCollectionView.swift */; };
		C85499C420AD8801004A0831 /* RxCollectionViewLayoutSource.swift in Sources */ = {isa = PBXBuildFile; fileRef = C85499BD20AD8801004A0831 /* RxCollectionViewLayoutSource.swift */; };
		C85499C720AD888A004A0831 /* CollectionListViewReactor.swift in Sources */ = {isa = PBXBuildFile; fileRef = C85499C520AD888A004A0831 /* CollectionListViewReactor.swift */; };
		C85499C820AD888A004A0831 /* CollectionListViewController.swift in Sources */ = {isa = PBXBuildFile; fileRef = C85499C620AD888A004A0831 /* CollectionListViewController.swift */; };
		C86A703A20DB417C0028EA52 /* RxBasicListModel.swift in Sources */ = {isa = PBXBuildFile; fileRef = C86A703920DB417C0028EA52 /* RxBasicListModel.swift */; };
		C86A703C20DB42BF0028EA52 /* ClassNamable.swift in Sources */ = {isa = PBXBuildFile; fileRef = C86A703B20DB42BF0028EA52 /* ClassNamable.swift */; };
		C86A703E20DB42F90028EA52 /* Zeroable.swift in Sources */ = {isa = PBXBuildFile; fileRef = C86A703D20DB42F90028EA52 /* Zeroable.swift */; };
		C86A704020DB43830028EA52 /* Array+Convenient.swift in Sources */ = {isa = PBXBuildFile; fileRef = C86A703F20DB43830028EA52 /* Array+Convenient.swift */; };
		C86A704220DB78120028EA52 /* UIView+Convenient.swift in Sources */ = {isa = PBXBuildFile; fileRef = C86A704120DB78120028EA52 /* UIView+Convenient.swift */; };
		C86A706B20DB8DB00028EA52 /* RxBasicPlaceholderView.swift in Sources */ = {isa = PBXBuildFile; fileRef = C86A706A20DB8DB00028EA52 /* RxBasicPlaceholderView.swift */; };
		C86A706D20DB93D60028EA52 /* CustomPlaceholderView.swift in Sources */ = {isa = PBXBuildFile; fileRef = C86A706C20DB93D60028EA52 /* CustomPlaceholderView.swift */; };
		C8ACAD6C20B6B2F000633A48 /* RxBasicRefreshView.swift in Sources */ = {isa = PBXBuildFile; fileRef = C8ACAD6B20B6B2F000633A48 /* RxBasicRefreshView.swift */; };
		C8ACAD6E20B6CA1500633A48 /* RxBasicRefreshReactor.swift in Sources */ = {isa = PBXBuildFile; fileRef = C8ACAD6D20B6CA1500633A48 /* RxBasicRefreshReactor.swift */; };
		C8B64AFD20AEA0FD00358030 /* TestCollectionViewCell.swift in Sources */ = {isa = PBXBuildFile; fileRef = C8B64AFC20AEA0FD00358030 /* TestCollectionViewCell.swift */; };
		C8B64AFF20AEA10C00358030 /* TestCollectionViewCellReactor.swift in Sources */ = {isa = PBXBuildFile; fileRef = C8B64AFE20AEA10C00358030 /* TestCollectionViewCellReactor.swift */; };
		C8B64B0120AEA14700358030 /* Model.swift in Sources */ = {isa = PBXBuildFile; fileRef = C8B64B0020AEA14700358030 /* Model.swift */; };
		C8B64B0320AEC88000358030 /* RxBasicLoadingView.swift in Sources */ = {isa = PBXBuildFile; fileRef = C8B64B0220AEC88000358030 /* RxBasicLoadingView.swift */; };
		C8B64B0520AEC99C00358030 /* RxBasicLoadingReactor.swift in Sources */ = {isa = PBXBuildFile; fileRef = C8B64B0420AEC99C00358030 /* RxBasicLoadingReactor.swift */; };
		C8C90A7820C4E73600F2E2E8 /* UICollectionView+Convenient.swift in Sources */ = {isa = PBXBuildFile; fileRef = C8C90A7720C4E73600F2E2E8 /* UICollectionView+Convenient.swift */; };
		C8D2B28F20BFD1F40013AD42 /* CustomCollectionView.swift in Sources */ = {isa = PBXBuildFile; fileRef = C8D2B28E20BFD1F40013AD42 /* CustomCollectionView.swift */; };
		C8E6ECC820DCFB3A00B26B43 /* LogoLoadingView.swift in Sources */ = {isa = PBXBuildFile; fileRef = C8E6ECC720DCFB3A00B26B43 /* LogoLoadingView.swift */; };
		C8F3B82420BEA36D0064D0A5 /* CustomHeaderRefreshView.swift in Sources */ = {isa = PBXBuildFile; fileRef = C8F3B82320BEA36D0064D0A5 /* CustomHeaderRefreshView.swift */; };
		C8F3B82620BEA3940064D0A5 /* CustomLoadingView.swift in Sources */ = {isa = PBXBuildFile; fileRef = C8F3B82520BEA3940064D0A5 /* CustomLoadingView.swift */; };
		C8F3B82820BEA3A10064D0A5 /* CustomFooterRefreshView.swift in Sources */ = {isa = PBXBuildFile; fileRef = C8F3B82720BEA3A10064D0A5 /* CustomFooterRefreshView.swift */; };
		C8F3B82A20BEA70D0064D0A5 /* RxBasicHeaderRefreshView.swift in Sources */ = {isa = PBXBuildFile; fileRef = C8F3B82920BEA70D0064D0A5 /* RxBasicHeaderRefreshView.swift */; };
		C8F3B82C20BEA7240064D0A5 /* RxBasicFooterRefreshView.swift in Sources */ = {isa = PBXBuildFile; fileRef = C8F3B82B20BEA7240064D0A5 /* RxBasicFooterRefreshView.swift */; };
/* End PBXBuildFile section */

/* Begin PBXFileReference section */
		52DC9A58AEC5C9CC556544FE /* Pods_ReactorCollectionViewDemo.framework */ = {isa = PBXFileReference; explicitFileType = wrapper.framework; includeInIndex = 0; path = Pods_ReactorCollectionViewDemo.framework; sourceTree = BUILT_PRODUCTS_DIR; };
		8B7635F7B1D9199047670970 /* Pods-ReactorCollectionViewDemo.debug.xcconfig */ = {isa = PBXFileReference; includeInIndex = 1; lastKnownFileType = text.xcconfig; name = "Pods-ReactorCollectionViewDemo.debug.xcconfig"; path = "Pods/Target Support Files/Pods-ReactorCollectionViewDemo/Pods-ReactorCollectionViewDemo.debug.xcconfig"; sourceTree = "<group>"; };
		C85499A120AD848C004A0831 /* ReactorCollectionViewDemo.app */ = {isa = PBXFileReference; explicitFileType = wrapper.application; includeInIndex = 0; path = ReactorCollectionViewDemo.app; sourceTree = BUILT_PRODUCTS_DIR; };
		C85499A420AD848C004A0831 /* AppDelegate.swift */ = {isa = PBXFileReference; lastKnownFileType = sourcecode.swift; path = AppDelegate.swift; sourceTree = "<group>"; };
		C85499AB20AD848D004A0831 /* Assets.xcassets */ = {isa = PBXFileReference; lastKnownFileType = folder.assetcatalog; path = Assets.xcassets; sourceTree = "<group>"; };
		C85499AE20AD848D004A0831 /* Base */ = {isa = PBXFileReference; lastKnownFileType = file.storyboard; name = Base; path = Base.lproj/LaunchScreen.storyboard; sourceTree = "<group>"; };
		C85499B020AD848E004A0831 /* Info.plist */ = {isa = PBXFileReference; lastKnownFileType = text.plist.xml; path = Info.plist; sourceTree = "<group>"; };
		C85499B720AD8801004A0831 /* RxBasicCollectionViewReactor.swift */ = {isa = PBXFileReference; fileEncoding = 4; lastKnownFileType = sourcecode.swift; path = RxBasicCollectionViewReactor.swift; sourceTree = "<group>"; };
		C85499B820AD8801004A0831 /* RxBasicCollectionService.swift */ = {isa = PBXFileReference; fileEncoding = 4; lastKnownFileType = sourcecode.swift; path = RxBasicCollectionService.swift; sourceTree = "<group>"; };
		C85499B920AD8801004A0831 /* RxCellSizeLayoutable.swift */ = {isa = PBXFileReference; fileEncoding = 4; lastKnownFileType = sourcecode.swift; path = RxCellSizeLayoutable.swift; sourceTree = "<group>"; };
		C85499BA20AD8801004A0831 /* RxBasicCollectionView+Rx.swift */ = {isa = PBXFileReference; fileEncoding = 4; lastKnownFileType = sourcecode.swift; path = "RxBasicCollectionView+Rx.swift"; sourceTree = "<group>"; };
		C85499BB20AD8801004A0831 /* RxCollectionViewSectionedAnimatedReloadDataSource.swift */ = {isa = PBXFileReference; fileEncoding = 4; lastKnownFileType = sourcecode.swift; path = RxCollectionViewSectionedAnimatedReloadDataSource.swift; sourceTree = "<group>"; };
		C85499BC20AD8801004A0831 /* RxBasicCollectionView.swift */ = {isa = PBXFileReference; fileEncoding = 4; lastKnownFileType = sourcecode.swift; path = RxBasicCollectionView.swift; sourceTree = "<group>"; };
		C85499BD20AD8801004A0831 /* RxCollectionViewLayoutSource.swift */ = {isa = PBXFileReference; fileEncoding = 4; lastKnownFileType = sourcecode.swift; path = RxCollectionViewLayoutSource.swift; sourceTree = "<group>"; };
		C85499C520AD888A004A0831 /* CollectionListViewReactor.swift */ = {isa = PBXFileReference; fileEncoding = 4; lastKnownFileType = sourcecode.swift; path = CollectionListViewReactor.swift; sourceTree = "<group>"; };
		C85499C620AD888A004A0831 /* CollectionListViewController.swift */ = {isa = PBXFileReference; fileEncoding = 4; lastKnownFileType = sourcecode.swift; path = CollectionListViewController.swift; sourceTree = "<group>"; };
		C86A703920DB417C0028EA52 /* RxBasicListModel.swift */ = {isa = PBXFileReference; lastKnownFileType = sourcecode.swift; path = RxBasicListModel.swift; sourceTree = "<group>"; };
		C86A703B20DB42BF0028EA52 /* ClassNamable.swift */ = {isa = PBXFileReference; lastKnownFileType = sourcecode.swift; path = ClassNamable.swift; sourceTree = "<group>"; };
		C86A703D20DB42F90028EA52 /* Zeroable.swift */ = {isa = PBXFileReference; lastKnownFileType = sourcecode.swift; path = Zeroable.swift; sourceTree = "<group>"; };
		C86A703F20DB43830028EA52 /* Array+Convenient.swift */ = {isa = PBXFileReference; lastKnownFileType = sourcecode.swift; path = "Array+Convenient.swift"; sourceTree = "<group>"; };
		C86A704120DB78120028EA52 /* UIView+Convenient.swift */ = {isa = PBXFileReference; lastKnownFileType = sourcecode.swift; path = "UIView+Convenient.swift"; sourceTree = "<group>"; };
		C86A706A20DB8DB00028EA52 /* RxBasicPlaceholderView.swift */ = {isa = PBXFileReference; lastKnownFileType = sourcecode.swift; path = RxBasicPlaceholderView.swift; sourceTree = "<group>"; };
		C86A706C20DB93D60028EA52 /* CustomPlaceholderView.swift */ = {isa = PBXFileReference; lastKnownFileType = sourcecode.swift; path = CustomPlaceholderView.swift; sourceTree = "<group>"; };
		C8ACAD6B20B6B2F000633A48 /* RxBasicRefreshView.swift */ = {isa = PBXFileReference; lastKnownFileType = sourcecode.swift; path = RxBasicRefreshView.swift; sourceTree = "<group>"; };
		C8ACAD6D20B6CA1500633A48 /* RxBasicRefreshReactor.swift */ = {isa = PBXFileReference; lastKnownFileType = sourcecode.swift; path = RxBasicRefreshReactor.swift; sourceTree = "<group>"; };
		C8B64AFC20AEA0FD00358030 /* TestCollectionViewCell.swift */ = {isa = PBXFileReference; lastKnownFileType = sourcecode.swift; path = TestCollectionViewCell.swift; sourceTree = "<group>"; };
		C8B64AFE20AEA10C00358030 /* TestCollectionViewCellReactor.swift */ = {isa = PBXFileReference; lastKnownFileType = sourcecode.swift; path = TestCollectionViewCellReactor.swift; sourceTree = "<group>"; };
		C8B64B0020AEA14700358030 /* Model.swift */ = {isa = PBXFileReference; lastKnownFileType = sourcecode.swift; path = Model.swift; sourceTree = "<group>"; };
		C8B64B0220AEC88000358030 /* RxBasicLoadingView.swift */ = {isa = PBXFileReference; lastKnownFileType = sourcecode.swift; path = RxBasicLoadingView.swift; sourceTree = "<group>"; };
		C8B64B0420AEC99C00358030 /* RxBasicLoadingReactor.swift */ = {isa = PBXFileReference; lastKnownFileType = sourcecode.swift; path = RxBasicLoadingReactor.swift; sourceTree = "<group>"; };
		C8C90A7720C4E73600F2E2E8 /* UICollectionView+Convenient.swift */ = {isa = PBXFileReference; lastKnownFileType = sourcecode.swift; path = "UICollectionView+Convenient.swift"; sourceTree = "<group>"; };
		C8D2B28E20BFD1F40013AD42 /* CustomCollectionView.swift */ = {isa = PBXFileReference; lastKnownFileType = sourcecode.swift; path = CustomCollectionView.swift; sourceTree = "<group>"; };
		C8E6ECC720DCFB3A00B26B43 /* LogoLoadingView.swift */ = {isa = PBXFileReference; lastKnownFileType = sourcecode.swift; path = LogoLoadingView.swift; sourceTree = "<group>"; };
		C8F3B82320BEA36D0064D0A5 /* CustomHeaderRefreshView.swift */ = {isa = PBXFileReference; lastKnownFileType = sourcecode.swift; path = CustomHeaderRefreshView.swift; sourceTree = "<group>"; };
		C8F3B82520BEA3940064D0A5 /* CustomLoadingView.swift */ = {isa = PBXFileReference; lastKnownFileType = sourcecode.swift; path = CustomLoadingView.swift; sourceTree = "<group>"; };
		C8F3B82720BEA3A10064D0A5 /* CustomFooterRefreshView.swift */ = {isa = PBXFileReference; lastKnownFileType = sourcecode.swift; path = CustomFooterRefreshView.swift; sourceTree = "<group>"; };
		C8F3B82920BEA70D0064D0A5 /* RxBasicHeaderRefreshView.swift */ = {isa = PBXFileReference; lastKnownFileType = sourcecode.swift; path = RxBasicHeaderRefreshView.swift; sourceTree = "<group>"; };
		C8F3B82B20BEA7240064D0A5 /* RxBasicFooterRefreshView.swift */ = {isa = PBXFileReference; lastKnownFileType = sourcecode.swift; path = RxBasicFooterRefreshView.swift; sourceTree = "<group>"; };
		FC9EB676181DDDC3C0BCFD7E /* Pods-ReactorCollectionViewDemo.release.xcconfig */ = {isa = PBXFileReference; includeInIndex = 1; lastKnownFileType = text.xcconfig; name = "Pods-ReactorCollectionViewDemo.release.xcconfig"; path = "Pods/Target Support Files/Pods-ReactorCollectionViewDemo/Pods-ReactorCollectionViewDemo.release.xcconfig"; sourceTree = "<group>"; };
/* End PBXFileReference section */

/* Begin PBXFrameworksBuildPhase section */
		C854999E20AD848C004A0831 /* Frameworks */ = {
			isa = PBXFrameworksBuildPhase;
			buildActionMask = 2147483647;
			files = (
				90900E12EDF3B475F89D919D /* Pods_ReactorCollectionViewDemo.framework in Frameworks */,
			);
			runOnlyForDeploymentPostprocessing = 0;
		};
/* End PBXFrameworksBuildPhase section */

/* Begin PBXGroup section */
		4117718E0397EB7D9D664874 /* Pods */ = {
			isa = PBXGroup;
			children = (
				8B7635F7B1D9199047670970 /* Pods-ReactorCollectionViewDemo.debug.xcconfig */,
				FC9EB676181DDDC3C0BCFD7E /* Pods-ReactorCollectionViewDemo.release.xcconfig */,
			);
			name = Pods;
			sourceTree = "<group>";
		};
		C1F251A6CD6236C508A8C7D0 /* Frameworks */ = {
			isa = PBXGroup;
			children = (
				52DC9A58AEC5C9CC556544FE /* Pods_ReactorCollectionViewDemo.framework */,
			);
			name = Frameworks;
			sourceTree = "<group>";
		};
		C854999820AD848C004A0831 = {
			isa = PBXGroup;
			children = (
				C85499A320AD848C004A0831 /* ReactorCollectionViewDemo */,
				C85499A220AD848C004A0831 /* Products */,
				4117718E0397EB7D9D664874 /* Pods */,
				C1F251A6CD6236C508A8C7D0 /* Frameworks */,
			);
			sourceTree = "<group>";
		};
		C85499A220AD848C004A0831 /* Products */ = {
			isa = PBXGroup;
			children = (
				C85499A120AD848C004A0831 /* ReactorCollectionViewDemo.app */,
			);
			name = Products;
			sourceTree = "<group>";
		};
		C85499A320AD848C004A0831 /* ReactorCollectionViewDemo */ = {
			isa = PBXGroup;
			children = (
				C85499B620AD8801004A0831 /* RxBasicCollectionView */,
				C85499A420AD848C004A0831 /* AppDelegate.swift */,
				C8B64B0020AEA14700358030 /* Model.swift */,
				C8E6ECC720DCFB3A00B26B43 /* LogoLoadingView.swift */,
				C8F3B82520BEA3940064D0A5 /* CustomLoadingView.swift */,
				C86A706C20DB93D60028EA52 /* CustomPlaceholderView.swift */,
				C8F3B82320BEA36D0064D0A5 /* CustomHeaderRefreshView.swift */,
				C8F3B82720BEA3A10064D0A5 /* CustomFooterRefreshView.swift */,
				C8D2B28E20BFD1F40013AD42 /* CustomCollectionView.swift */,
				C85499C620AD888A004A0831 /* CollectionListViewController.swift */,
				C85499C520AD888A004A0831 /* CollectionListViewReactor.swift */,
				C8B64AFC20AEA0FD00358030 /* TestCollectionViewCell.swift */,
				C8B64AFE20AEA10C00358030 /* TestCollectionViewCellReactor.swift */,
				C85499AB20AD848D004A0831 /* Assets.xcassets */,
				C85499AD20AD848D004A0831 /* LaunchScreen.storyboard */,
				C85499B020AD848E004A0831 /* Info.plist */,
			);
			path = ReactorCollectionViewDemo;
			sourceTree = "<group>";
		};
		C85499B620AD8801004A0831 /* RxBasicCollectionView */ = {
			isa = PBXGroup;
			children = (
				C86A706A20DB8DB00028EA52 /* RxBasicPlaceholderView.swift */,
				C8ACAD6B20B6B2F000633A48 /* RxBasicRefreshView.swift */,
				C8F3B82920BEA70D0064D0A5 /* RxBasicHeaderRefreshView.swift */,
				C8F3B82B20BEA7240064D0A5 /* RxBasicFooterRefreshView.swift */,
				C8ACAD6D20B6CA1500633A48 /* RxBasicRefreshReactor.swift */,
				C8B64B0220AEC88000358030 /* RxBasicLoadingView.swift */,
				C8B64B0420AEC99C00358030 /* RxBasicLoadingReactor.swift */,
				C85499BC20AD8801004A0831 /* RxBasicCollectionView.swift */,
				C85499B720AD8801004A0831 /* RxBasicCollectionViewReactor.swift */,
				C85499B820AD8801004A0831 /* RxBasicCollectionService.swift */,
				C86A703920DB417C0028EA52 /* RxBasicListModel.swift */,
				C85499BB20AD8801004A0831 /* RxCollectionViewSectionedAnimatedReloadDataSource.swift */,
				C85499BD20AD8801004A0831 /* RxCollectionViewLayoutSource.swift */,
				C85499BA20AD8801004A0831 /* RxBasicCollectionView+Rx.swift */,
				C85499B920AD8801004A0831 /* RxCellSizeLayoutable.swift */,
				C8C90A7720C4E73600F2E2E8 /* UICollectionView+Convenient.swift */,
				C86A703F20DB43830028EA52 /* Array+Convenient.swift */,
				C86A704120DB78120028EA52 /* UIView+Convenient.swift */,
				C86A703B20DB42BF0028EA52 /* ClassNamable.swift */,
				C86A703D20DB42F90028EA52 /* Zeroable.swift */,
			);
			path = RxBasicCollectionView;
			sourceTree = "<group>";
		};
/* End PBXGroup section */

/* Begin PBXNativeTarget section */
		C85499A020AD848C004A0831 /* ReactorCollectionViewDemo */ = {
			isa = PBXNativeTarget;
			buildConfigurationList = C85499B320AD848E004A0831 /* Build configuration list for PBXNativeTarget "ReactorCollectionViewDemo" */;
			buildPhases = (
				EC38F8832E9F754EF1B85C52 /* [CP] Check Pods Manifest.lock */,
				C854999D20AD848C004A0831 /* Sources */,
				C854999E20AD848C004A0831 /* Frameworks */,
				C854999F20AD848C004A0831 /* Resources */,
				5CE8A3C3A7537A6CF56FFAD3 /* [CP] Embed Pods Frameworks */,
			);
			buildRules = (
			);
			dependencies = (
			);
			name = ReactorCollectionViewDemo;
			productName = ReactorCollectionViewDemo;
			productReference = C85499A120AD848C004A0831 /* ReactorCollectionViewDemo.app */;
			productType = "com.apple.product-type.application";
		};
/* End PBXNativeTarget section */

/* Begin PBXProject section */
		C854999920AD848C004A0831 /* Project object */ = {
			isa = PBXProject;
			attributes = {
				LastSwiftUpdateCheck = 0930;
				LastUpgradeCheck = 0930;
				ORGANIZATIONNAME = "luhe liu";
				TargetAttributes = {
					C85499A020AD848C004A0831 = {
						CreatedOnToolsVersion = 9.3;
					};
				};
			};
			buildConfigurationList = C854999C20AD848C004A0831 /* Build configuration list for PBXProject "ReactorCollectionViewDemo" */;
			compatibilityVersion = "Xcode 9.3";
			developmentRegion = en;
			hasScannedForEncodings = 0;
			knownRegions = (
				en,
				Base,
			);
			mainGroup = C854999820AD848C004A0831;
			productRefGroup = C85499A220AD848C004A0831 /* Products */;
			projectDirPath = "";
			projectRoot = "";
			targets = (
				C85499A020AD848C004A0831 /* ReactorCollectionViewDemo */,
			);
		};
/* End PBXProject section */

/* Begin PBXResourcesBuildPhase section */
		C854999F20AD848C004A0831 /* Resources */ = {
			isa = PBXResourcesBuildPhase;
			buildActionMask = 2147483647;
			files = (
				C85499AF20AD848D004A0831 /* LaunchScreen.storyboard in Resources */,
				C85499AC20AD848D004A0831 /* Assets.xcassets in Resources */,
			);
			runOnlyForDeploymentPostprocessing = 0;
		};
/* End PBXResourcesBuildPhase section */

/* Begin PBXShellScriptBuildPhase section */
		5CE8A3C3A7537A6CF56FFAD3 /* [CP] Embed Pods Frameworks */ = {
			isa = PBXShellScriptBuildPhase;
			buildActionMask = 2147483647;
			files = (
			);
			inputPaths = (
				"${SRCROOT}/Pods/Target Support Files/Pods-ReactorCollectionViewDemo/Pods-ReactorCollectionViewDemo-frameworks.sh",
				"${BUILT_PRODUCTS_DIR}/Alamofire/Alamofire.framework",
				"${BUILT_PRODUCTS_DIR}/ReactorKit/ReactorKit.framework",
				"${BUILT_PRODUCTS_DIR}/RxCocoa/RxCocoa.framework",
				"${BUILT_PRODUCTS_DIR}/RxDataSources/RxDataSources.framework",
				"${BUILT_PRODUCTS_DIR}/RxSwift/RxSwift.framework",
			);
			name = "[CP] Embed Pods Frameworks";
			outputPaths = (
				"${TARGET_BUILD_DIR}/${FRAMEWORKS_FOLDER_PATH}/Alamofire.framework",
				"${TARGET_BUILD_DIR}/${FRAMEWORKS_FOLDER_PATH}/ReactorKit.framework",
				"${TARGET_BUILD_DIR}/${FRAMEWORKS_FOLDER_PATH}/RxCocoa.framework",
				"${TARGET_BUILD_DIR}/${FRAMEWORKS_FOLDER_PATH}/RxDataSources.framework",
				"${TARGET_BUILD_DIR}/${FRAMEWORKS_FOLDER_PATH}/RxSwift.framework",
			);
			runOnlyForDeploymentPostprocessing = 0;
			shellPath = /bin/sh;
			shellScript = "\"${SRCROOT}/Pods/Target Support Files/Pods-ReactorCollectionViewDemo/Pods-ReactorCollectionViewDemo-frameworks.sh\"\n";
			showEnvVarsInLog = 0;
		};
		EC38F8832E9F754EF1B85C52 /* [CP] Check Pods Manifest.lock */ = {
			isa = PBXShellScriptBuildPhase;
			buildActionMask = 2147483647;
			files = (
			);
			inputPaths = (
				"${PODS_PODFILE_DIR_PATH}/Podfile.lock",
				"${PODS_ROOT}/Manifest.lock",
			);
			name = "[CP] Check Pods Manifest.lock";
			outputPaths = (
				"$(DERIVED_FILE_DIR)/Pods-ReactorCollectionViewDemo-checkManifestLockResult.txt",
			);
			runOnlyForDeploymentPostprocessing = 0;
			shellPath = /bin/sh;
			shellScript = "diff \"${PODS_PODFILE_DIR_PATH}/Podfile.lock\" \"${PODS_ROOT}/Manifest.lock\" > /dev/null\nif [ $? != 0 ] ; then\n    # print error to STDERR\n    echo \"error: The sandbox is not in sync with the Podfile.lock. Run 'pod install' or update your CocoaPods installation.\" >&2\n    exit 1\nfi\n# This output is used by Xcode 'outputs' to avoid re-running this script phase.\necho \"SUCCESS\" > \"${SCRIPT_OUTPUT_FILE_0}\"\n";
			showEnvVarsInLog = 0;
		};
/* End PBXShellScriptBuildPhase section */

/* Begin PBXSourcesBuildPhase section */
		C854999D20AD848C004A0831 /* Sources */ = {
			isa = PBXSourcesBuildPhase;
			buildActionMask = 2147483647;
			files = (
				C85499C120AD8801004A0831 /* RxBasicCollectionView+Rx.swift in Sources */,
				C8B64AFF20AEA10C00358030 /* TestCollectionViewCellReactor.swift in Sources */,
				C8F3B82C20BEA7240064D0A5 /* RxBasicFooterRefreshView.swift in Sources */,
				C8B64B0320AEC88000358030 /* RxBasicLoadingView.swift in Sources */,
				C86A703A20DB417C0028EA52 /* RxBasicListModel.swift in Sources */,
				C8D2B28F20BFD1F40013AD42 /* CustomCollectionView.swift in Sources */,
				C85499C420AD8801004A0831 /* RxCollectionViewLayoutSource.swift in Sources */,
				C8F3B82820BEA3A10064D0A5 /* CustomFooterRefreshView.swift in Sources */,
				C8B64B0520AEC99C00358030 /* RxBasicLoadingReactor.swift in Sources */,
				C85499C220AD8801004A0831 /* RxCollectionViewSectionedAnimatedReloadDataSource.swift in Sources */,
				C85499BE20AD8801004A0831 /* RxBasicCollectionViewReactor.swift in Sources */,
				C8B64AFD20AEA0FD00358030 /* TestCollectionViewCell.swift in Sources */,
				C8F3B82620BEA3940064D0A5 /* CustomLoadingView.swift in Sources */,
				C8B64B0120AEA14700358030 /* Model.swift in Sources */,
				C86A704220DB78120028EA52 /* UIView+Convenient.swift in Sources */,
				C85499C020AD8801004A0831 /* RxCellSizeLayoutable.swift in Sources */,
				C85499C320AD8801004A0831 /* RxBasicCollectionView.swift in Sources */,
				C86A706D20DB93D60028EA52 /* CustomPlaceholderView.swift in Sources */,
				C86A704020DB43830028EA52 /* Array+Convenient.swift in Sources */,
				C8ACAD6E20B6CA1500633A48 /* RxBasicRefreshReactor.swift in Sources */,
				C85499C820AD888A004A0831 /* CollectionListViewController.swift in Sources */,
				C8ACAD6C20B6B2F000633A48 /* RxBasicRefreshView.swift in Sources */,
				C85499BF20AD8801004A0831 /* RxBasicCollectionService.swift in Sources */,
				C86A703E20DB42F90028EA52 /* Zeroable.swift in Sources */,
				C85499A520AD848C004A0831 /* AppDelegate.swift in Sources */,
				C8F3B82420BEA36D0064D0A5 /* CustomHeaderRefreshView.swift in Sources */,
				C8E6ECC820DCFB3A00B26B43 /* LogoLoadingView.swift in Sources */,
				C85499C720AD888A004A0831 /* CollectionListViewReactor.swift in Sources */,
				C8F3B82A20BEA70D0064D0A5 /* RxBasicHeaderRefreshView.swift in Sources */,
				C86A706B20DB8DB00028EA52 /* RxBasicPlaceholderView.swift in Sources */,
				C8C90A7820C4E73600F2E2E8 /* UICollectionView+Convenient.swift in Sources */,
				C86A703C20DB42BF0028EA52 /* ClassNamable.swift in Sources */,
			);
			runOnlyForDeploymentPostprocessing = 0;
		};
/* End PBXSourcesBuildPhase section */

/* Begin PBXVariantGroup section */
		C85499AD20AD848D004A0831 /* LaunchScreen.storyboard */ = {
			isa = PBXVariantGroup;
			children = (
				C85499AE20AD848D004A0831 /* Base */,
			);
			name = LaunchScreen.storyboard;
			sourceTree = "<group>";
		};
/* End PBXVariantGroup section */

/* Begin XCBuildConfiguration section */
		C85499B120AD848E004A0831 /* Debug */ = {
			isa = XCBuildConfiguration;
			buildSettings = {
				ALWAYS_SEARCH_USER_PATHS = NO;
				CLANG_ANALYZER_NONNULL = YES;
				CLANG_ANALYZER_NUMBER_OBJECT_CONVERSION = YES_AGGRESSIVE;
				CLANG_CXX_LANGUAGE_STANDARD = "gnu++14";
				CLANG_CXX_LIBRARY = "libc++";
				CLANG_ENABLE_MODULES = YES;
				CLANG_ENABLE_OBJC_ARC = YES;
				CLANG_ENABLE_OBJC_WEAK = YES;
				CLANG_WARN_BLOCK_CAPTURE_AUTORELEASING = YES;
				CLANG_WARN_BOOL_CONVERSION = YES;
				CLANG_WARN_COMMA = YES;
				CLANG_WARN_CONSTANT_CONVERSION = YES;
				CLANG_WARN_DEPRECATED_OBJC_IMPLEMENTATIONS = YES;
				CLANG_WARN_DIRECT_OBJC_ISA_USAGE = YES_ERROR;
				CLANG_WARN_DOCUMENTATION_COMMENTS = YES;
				CLANG_WARN_EMPTY_BODY = YES;
				CLANG_WARN_ENUM_CONVERSION = YES;
				CLANG_WARN_INFINITE_RECURSION = YES;
				CLANG_WARN_INT_CONVERSION = YES;
				CLANG_WARN_NON_LITERAL_NULL_CONVERSION = YES;
				CLANG_WARN_OBJC_IMPLICIT_RETAIN_SELF = YES;
				CLANG_WARN_OBJC_LITERAL_CONVERSION = YES;
				CLANG_WARN_OBJC_ROOT_CLASS = YES_ERROR;
				CLANG_WARN_RANGE_LOOP_ANALYSIS = YES;
				CLANG_WARN_STRICT_PROTOTYPES = YES;
				CLANG_WARN_SUSPICIOUS_MOVE = YES;
				CLANG_WARN_UNGUARDED_AVAILABILITY = YES_AGGRESSIVE;
				CLANG_WARN_UNREACHABLE_CODE = YES;
				CLANG_WARN__DUPLICATE_METHOD_MATCH = YES;
				CODE_SIGN_IDENTITY = "iPhone Developer";
				COPY_PHASE_STRIP = NO;
				DEBUG_INFORMATION_FORMAT = dwarf;
				ENABLE_STRICT_OBJC_MSGSEND = YES;
				ENABLE_TESTABILITY = YES;
				GCC_C_LANGUAGE_STANDARD = gnu11;
				GCC_DYNAMIC_NO_PIC = NO;
				GCC_NO_COMMON_BLOCKS = YES;
				GCC_OPTIMIZATION_LEVEL = 0;
				GCC_PREPROCESSOR_DEFINITIONS = (
					"DEBUG=1",
					"$(inherited)",
				);
				GCC_WARN_64_TO_32_BIT_CONVERSION = YES;
				GCC_WARN_ABOUT_RETURN_TYPE = YES_ERROR;
				GCC_WARN_UNDECLARED_SELECTOR = YES;
				GCC_WARN_UNINITIALIZED_AUTOS = YES_AGGRESSIVE;
				GCC_WARN_UNUSED_FUNCTION = YES;
				GCC_WARN_UNUSED_VARIABLE = YES;
				IPHONEOS_DEPLOYMENT_TARGET = 11.3;
				MTL_ENABLE_DEBUG_INFO = YES;
				ONLY_ACTIVE_ARCH = YES;
				SDKROOT = iphoneos;
				SWIFT_ACTIVE_COMPILATION_CONDITIONS = DEBUG;
				SWIFT_OPTIMIZATION_LEVEL = "-Onone";
			};
			name = Debug;
		};
		C85499B220AD848E004A0831 /* Release */ = {
			isa = XCBuildConfiguration;
			buildSettings = {
				ALWAYS_SEARCH_USER_PATHS = NO;
				CLANG_ANALYZER_NONNULL = YES;
				CLANG_ANALYZER_NUMBER_OBJECT_CONVERSION = YES_AGGRESSIVE;
				CLANG_CXX_LANGUAGE_STANDARD = "gnu++14";
				CLANG_CXX_LIBRARY = "libc++";
				CLANG_ENABLE_MODULES = YES;
				CLANG_ENABLE_OBJC_ARC = YES;
				CLANG_ENABLE_OBJC_WEAK = YES;
				CLANG_WARN_BLOCK_CAPTURE_AUTORELEASING = YES;
				CLANG_WARN_BOOL_CONVERSION = YES;
				CLANG_WARN_COMMA = YES;
				CLANG_WARN_CONSTANT_CONVERSION = YES;
				CLANG_WARN_DEPRECATED_OBJC_IMPLEMENTATIONS = YES;
				CLANG_WARN_DIRECT_OBJC_ISA_USAGE = YES_ERROR;
				CLANG_WARN_DOCUMENTATION_COMMENTS = YES;
				CLANG_WARN_EMPTY_BODY = YES;
				CLANG_WARN_ENUM_CONVERSION = YES;
				CLANG_WARN_INFINITE_RECURSION = YES;
				CLANG_WARN_INT_CONVERSION = YES;
				CLANG_WARN_NON_LITERAL_NULL_CONVERSION = YES;
				CLANG_WARN_OBJC_IMPLICIT_RETAIN_SELF = YES;
				CLANG_WARN_OBJC_LITERAL_CONVERSION = YES;
				CLANG_WARN_OBJC_ROOT_CLASS = YES_ERROR;
				CLANG_WARN_RANGE_LOOP_ANALYSIS = YES;
				CLANG_WARN_STRICT_PROTOTYPES = YES;
				CLANG_WARN_SUSPICIOUS_MOVE = YES;
				CLANG_WARN_UNGUARDED_AVAILABILITY = YES_AGGRESSIVE;
				CLANG_WARN_UNREACHABLE_CODE = YES;
				CLANG_WARN__DUPLICATE_METHOD_MATCH = YES;
				CODE_SIGN_IDENTITY = "iPhone Developer";
				COPY_PHASE_STRIP = NO;
				DEBUG_INFORMATION_FORMAT = "dwarf-with-dsym";
				ENABLE_NS_ASSERTIONS = NO;
				ENABLE_STRICT_OBJC_MSGSEND = YES;
				GCC_C_LANGUAGE_STANDARD = gnu11;
				GCC_NO_COMMON_BLOCKS = YES;
				GCC_WARN_64_TO_32_BIT_CONVERSION = YES;
				GCC_WARN_ABOUT_RETURN_TYPE = YES_ERROR;
				GCC_WARN_UNDECLARED_SELECTOR = YES;
				GCC_WARN_UNINITIALIZED_AUTOS = YES_AGGRESSIVE;
				GCC_WARN_UNUSED_FUNCTION = YES;
				GCC_WARN_UNUSED_VARIABLE = YES;
				IPHONEOS_DEPLOYMENT_TARGET = 11.3;
				MTL_ENABLE_DEBUG_INFO = NO;
				SDKROOT = iphoneos;
				SWIFT_COMPILATION_MODE = wholemodule;
				SWIFT_OPTIMIZATION_LEVEL = "-O";
				VALIDATE_PRODUCT = YES;
			};
			name = Release;
		};
		C85499B420AD848E004A0831 /* Debug */ = {
			isa = XCBuildConfiguration;
			baseConfigurationReference = 8B7635F7B1D9199047670970 /* Pods-ReactorCollectionViewDemo.debug.xcconfig */;
			buildSettings = {
				ASSETCATALOG_COMPILER_APPICON_NAME = AppIcon;
				CODE_SIGN_STYLE = Automatic;
				DEVELOPMENT_TEAM = RGQWE6DV47;
				INFOPLIST_FILE = ReactorCollectionViewDemo/Info.plist;
				IPHONEOS_DEPLOYMENT_TARGET = 11.0;
				LD_RUNPATH_SEARCH_PATHS = (
					"$(inherited)",
					"@executable_path/Frameworks",
				);
				PRODUCT_BUNDLE_IDENTIFIER = com.liutingluhe.learn.ReactorCollectionViewDemo;
				PRODUCT_NAME = "$(TARGET_NAME)";
				SWIFT_VERSION = 4.0;
				TARGETED_DEVICE_FAMILY = 1;
			};
			name = Debug;
		};
		C85499B520AD848E004A0831 /* Release */ = {
			isa = XCBuildConfiguration;
			baseConfigurationReference = FC9EB676181DDDC3C0BCFD7E /* Pods-ReactorCollectionViewDemo.release.xcconfig */;
			buildSettings = {
				ASSETCATALOG_COMPILER_APPICON_NAME = AppIcon;
				CODE_SIGN_STYLE = Automatic;
				DEVELOPMENT_TEAM = RGQWE6DV47;
				INFOPLIST_FILE = ReactorCollectionViewDemo/Info.plist;
				IPHONEOS_DEPLOYMENT_TARGET = 11.0;
				LD_RUNPATH_SEARCH_PATHS = (
					"$(inherited)",
					"@executable_path/Frameworks",
				);
				PRODUCT_BUNDLE_IDENTIFIER = com.liutingluhe.learn.ReactorCollectionViewDemo;
				PRODUCT_NAME = "$(TARGET_NAME)";
				SWIFT_VERSION = 4.0;
				TARGETED_DEVICE_FAMILY = 1;
			};
			name = Release;
		};
/* End XCBuildConfiguration section */

/* Begin XCConfigurationList section */
		C854999C20AD848C004A0831 /* Build configuration list for PBXProject "ReactorCollectionViewDemo" */ = {
			isa = XCConfigurationList;
			buildConfigurations = (
				C85499B120AD848E004A0831 /* Debug */,
				C85499B220AD848E004A0831 /* Release */,
			);
			defaultConfigurationIsVisible = 0;
			defaultConfigurationName = Release;
		};
		C85499B320AD848E004A0831 /* Build configuration list for PBXNativeTarget "ReactorCollectionViewDemo" */ = {
			isa = XCConfigurationList;
			buildConfigurations = (
				C85499B420AD848E004A0831 /* Debug */,
				C85499B520AD848E004A0831 /* Release */,
			);
			defaultConfigurationIsVisible = 0;
			defaultConfigurationName = Release;
		};
/* End XCConfigurationList section */
	};
	rootObject = C854999920AD848C004A0831 /* Project object */;
}
